
Microsoft Visual Studio Solution File, Format Version 12.00
# Visual Studio Version 17
VisualStudioVersion = 17.6.33801.468
MinimumVisualStudioVersion = 10.0.40219.1
Project("{FAE04EC0-301F-11D3-BF4B-00C04F79EFBC}") = "BotTormenta", "BotTormenta.csproj", "{2E945B37-87A5-4AD9-B9B1-B6638F010F1B}"
EndProject
Global
	GlobalSection(SolutionConfigurationPlatforms) = preSolution
		Debug|Any CPU = Debug|Any CPU
		Release|Any CPU = Release|Any CPU
	EndGlobalSection
	GlobalSection(ProjectConfigurationPlatforms) = postSolution
		{2E945B37-87A5-4AD9-B9B1-B6638F010F1B}.Debug|Any CPU.ActiveCfg = Debug|Any CPU
		{2E945B37-87A5-4AD9-B9B1-B6638F010F1B}.Debug|Any CPU.Build.0 = Debug|Any CPU
		{2E945B37-87A5-4AD9-B9B1-B6638F010F1B}.Release|Any CPU.ActiveCfg = Release|Any CPU
		{2E945B37-87A5-4AD9-B9B1-B6638F010F1B}.Release|Any CPU.Build.0 = Release|Any CPU
	EndGlobalSection
	GlobalSection(SolutionProperties) = preSolution
		HideSolutionNode = FALSE
	EndGlobalSection
	GlobalSection(ExtensibilityGlobals) = postSolution
		SolutionGuid = {A8E3B8CE-15BC-42D5-8067-2C4D29B44FB0}
	EndGlobalSection
EndGlobal
